
Microsoft Visual Studio Solution File, Format Version 12.00
# Visual Studio Version 16
VisualStudioVersion = 16.0.33328.57
MinimumVisualStudioVersion = 10.0.40219.1
Project("{8BC9CEB8-8B4A-11D0-8D11-00A0C91BC942}") = "Struct1", "Struct1\Struct1.vcxproj", "{7EFEA776-D330-426B-BB18-131FB7647141}"
EndProject
Project("{8BC9CEB8-8B4A-11D0-8D11-00A0C91BC942}") = "Struct2", "Struct2\Struct2.vcxproj", "{24199754-E3EF-429E-B9D3-FE2DBD2C2B3C}"
EndProject
Global
	GlobalSection(SolutionConfigurationPlatforms) = preSolution
		Debug|x64 = Debug|x64
		Debug|x86 = Debug|x86
		Release|x64 = Release|x64
		Release|x86 = Release|x86
	EndGlobalSection
	GlobalSection(ProjectConfigurationPlatforms) = postSolution
		{7EFEA776-D330-426B-BB18-131FB7647141}.Debug|x64.ActiveCfg = Debug|x64
		{7EFEA776-D330-426B-BB18-131FB7647141}.Debug|x64.Build.0 = Debug|x64
		{7EFEA776-D330-426B-BB18-131FB7647141}.Debug|x86.ActiveCfg = Debug|Win32
		{7EFEA776-D330-426B-BB18-131FB7647141}.Debug|x86.Build.0 = Debug|Win32
		{7EFEA776-D330-426B-BB18-131FB7647141}.Release|x64.ActiveCfg = Release|x64
		{7EFEA776-D330-426B-BB18-131FB7647141}.Release|x64.Build.0 = Release|x64
		{7EFEA776-D330-426B-BB18-131FB7647141}.Release|x86.ActiveCfg = Release|Win32
		{7EFEA776-D330-426B-BB18-131FB7647141}.Release|x86.Build.0 = Release|Win32
		{24199754-E3EF-429E-B9D3-FE2DBD2C2B3C}.Debug|x64.ActiveCfg = Debug|x64
		{24199754-E3EF-429E-B9D3-FE2DBD2C2B3C}.Debug|x64.Build.0 = Debug|x64
		{24199754-E3EF-429E-B9D3-FE2DBD2C2B3C}.Debug|x86.ActiveCfg = Debug|Win32
		{24199754-E3EF-429E-B9D3-FE2DBD2C2B3C}.Debug|x86.Build.0 = Debug|Win32
		{24199754-E3EF-429E-B9D3-FE2DBD2C2B3C}.Release|x64.ActiveCfg = Release|x64
		{24199754-E3EF-429E-B9D3-FE2DBD2C2B3C}.Release|x64.Build.0 = Release|x64
		{24199754-E3EF-429E-B9D3-FE2DBD2C2B3C}.Release|x86.ActiveCfg = Release|Win32
		{24199754-E3EF-429E-B9D3-FE2DBD2C2B3C}.Release|x86.Build.0 = Release|Win32
	EndGlobalSection
	GlobalSection(SolutionProperties) = preSolution
		HideSolutionNode = FALSE
	EndGlobalSection
	GlobalSection(ExtensibilityGlobals) = postSolution
		SolutionGuid = {836D4072-0564-44B9-9A58-540A9109D3DC}
	EndGlobalSection
EndGlobal
